
Microsoft Visual Studio Solution File, Format Version 12.00
# Visual Studio 15
VisualStudioVersion = 15.0.26730.8
MinimumVisualStudioVersion = 10.0.40219.1
Project("{FAE04EC0-301F-11D3-BF4B-00C04F79EFBC}") = "SimpleCICDExample", "SimpleCICDExample\SimpleCICDExample.csproj", "{A31D5D59-FCFF-4324-9934-B4E5C9508F79}"
EndProject
Project("{E53339B2-1760-4266-BCC7-CA923CBCF16C}") = "docker-compose", "docker-compose.dcproj", "{DA72C8C8-7895-4045-97F4-E4C1047ECB6A}"
EndProject
Global
	GlobalSection(SolutionConfigurationPlatforms) = preSolution
		Debug|Any CPU = Debug|Any CPU
		Release|Any CPU = Release|Any CPU
	EndGlobalSection
	GlobalSection(ProjectConfigurationPlatforms) = postSolution
		{A31D5D59-FCFF-4324-9934-B4E5C9508F79}.Debug|Any CPU.ActiveCfg = Debug|Any CPU
		{A31D5D59-FCFF-4324-9934-B4E5C9508F79}.Debug|Any CPU.Build.0 = Debug|Any CPU
		{A31D5D59-FCFF-4324-9934-B4E5C9508F79}.Release|Any CPU.ActiveCfg = Release|Any CPU
		{A31D5D59-FCFF-4324-9934-B4E5C9508F79}.Release|Any CPU.Build.0 = Release|Any CPU
		{DA72C8C8-7895-4045-97F4-E4C1047ECB6A}.Debug|Any CPU.ActiveCfg = Debug|Any CPU
		{DA72C8C8-7895-4045-97F4-E4C1047ECB6A}.Debug|Any CPU.Build.0 = Debug|Any CPU
		{DA72C8C8-7895-4045-97F4-E4C1047ECB6A}.Release|Any CPU.ActiveCfg = Release|Any CPU
		{DA72C8C8-7895-4045-97F4-E4C1047ECB6A}.Release|Any CPU.Build.0 = Release|Any CPU
	EndGlobalSection
	GlobalSection(SolutionProperties) = preSolution
		HideSolutionNode = FALSE
	EndGlobalSection
	GlobalSection(ExtensibilityGlobals) = postSolution
		SolutionGuid = {E4B35477-2D70-4AA8-B1CB-F9B5FD648CDA}
	EndGlobalSection
EndGlobal
